{
  "name": "@nikolauska/cbm-axi",
  "version": "0.2.7",
  "lockfileVersion": 3,
  "requires": true,
  "packages": {
    "": {
      "name": "@nikolauska/cbm-axi",
      "version": "0.2.7",
      "license": "MIT",
      "bin": {
        "cbm-axi": "npm/cbm-axi.js"
      },
      "engines": {
        "node": ">=18"
      }
    }
  }
}
